
Microsoft Visual Studio Solution File, Format Version 12.00
# Visual Studio 15
Project("{FAE04EC0-301F-11D3-BF4B-00C04F79EFBC}") = "Homework1", "Homework1.csproj", "{B54E0301-C936-47EF-9F93-7FC917A5B5DB}"
EndProject
Global
	GlobalSection(SolutionConfigurationPlatforms) = preSolution
		Debug|x86 = Debug|x86
		Release|x86 = Release|x86
	EndGlobalSection
	GlobalSection(ProjectConfigurationPlatforms) = postSolution
		{B54E0301-C936-47EF-9F93-7FC917A5B5DB}.Debug|x86.ActiveCfg = Debug|x86
		{B54E0301-C936-47EF-9F93-7FC917A5B5DB}.Debug|x86.Build.0 = Debug|x86
		{B54E0301-C936-47EF-9F93-7FC917A5B5DB}.Release|x86.ActiveCfg = Release|x86
		{B54E0301-C936-47EF-9F93-7FC917A5B5DB}.Release|x86.Build.0 = Release|x86
	EndGlobalSection
EndGlobal
